<?xml version="1.0" encoding="utf-8"?>
<Project ToolsVersion="4.0" xmlns="http://schemas.microsoft.com/developer/msbuild/2003">
  <ItemGroup>
    <ClCompile Include="game.cpp" />
    <ClCompile Include="surface.cpp">
      <Filter>template code</Filter>
    </ClCompile>
    <ClCompile Include="template.cpp">
      <Filter>template code</Filter>
    </ClCompile>
    <ClCompile Include="TileMap.cpp" />
    <ClCompile Include="Timer.cpp" />
    <ClCompile Include="Entity.cpp">
      <Filter>Entity</Filter>
    </ClCompile>
    <ClCompile Include="Enemy.cpp">
      <Filter>Entity</Filter>
    </ClCompile>
    <ClCompile Include="Bullet.cpp">
      <Filter>Entity</Filter>
    </ClCompile>
    <ClCompile Include="UIText.cpp" />
    <ClCompile Include="Button.cpp" />
    <ClCompile Include="Player.cpp" />
    <ClCompile Include="AudioPlayer.cpp" />
  </ItemGroup>
  <ItemGroup>
    <ClInclude Include="surface.h">
      <Filter>template code</Filter>
    </ClInclude>
    <ClInclude Include="template.h">
      <Filter>template code</Filter>
    </ClInclude>
    <ClInclude Include="Bounds.h" />
    <ClInclude Include="TileMap.h" />
    <ClInclude Include="Timer.h" />
    <ClInclude Include="game.h" />
    <ClInclude Include="Entity.h">
      <Filter>Entity</Filter>
    </ClInclude>
    <ClInclude Include="Enemy.h">
      <Filter>Entity</Filter>
    </ClInclude>
    <ClInclude Include="Bullet.h">
      <Filter>Entity</Filter>
    </ClInclude>
    <ClInclude Include="Settings.h" />
    <ClInclude Include="UIText.h" />
    <ClInclude Include="Button.h" />
    <ClInclude Include="Player.h" />
    <ClInclude Include="AudioPlayer.h" />
  </ItemGroup>
  <ItemGroup>
    <Filter Include="Entity">
      <UniqueIdentifier>{c335f512-e059-4aa0-ba4b-108fd75dcd20}</UniqueIdentifier>
    </Filter>
    <Filter Include="template code">
      <UniqueIdentifier>{bf32dd6e-4be7-4889-8ac6-49e7ee163c40}</UniqueIdentifier>
    </Filter>
  </ItemGroup>
  <ItemGroup>
    <Text Include="_readme.txt">
      <Filter>template code</Filter>
    </Text>
    <Text Include="testMap.txt" />
    <Text Include="snowMap.txt" />
    <Text Include="comments.txt" />
  </ItemGroup>
</Project>